{
  "nodes": {
    "flake-utils": {
      "inputs": {
        "systems": "systems"
      },
      "locked": {
        "lastModified": 1710146030,
        "narHash": "sha256-SZ5L6eA7HJ/nmkzGG7/ISclqe6oZdOZTNoesiInkXPQ=",
        "owner": "numtide",
        "repo": "flake-utils",
        "rev": "b1d9ab70662946ef0850d488da1c9019f3a9752a",
        "type": "github"
      },
      "original": {
        "owner": "numtide",
        "repo": "flake-utils",
        "type": "github"
      }
    },
    "flake-utils_2": {
      "inputs": {
        "systems": "systems_2"
      },
      "locked": {
        "lastModified": 1710146030,
        "narHash": "sha256-SZ5L6eA7HJ/nmkzGG7/ISclqe6oZdOZTNoesiInkXPQ=",
        "owner": "numtide",
        "repo": "flake-utils",
        "rev": "b1d9ab70662946ef0850d488da1c9019f3a9752a",
        "type": "github"
      },
      "original": {
        "owner": "numtide",
        "repo": "flake-utils",
        "type": "github"
      }
    },
    "hs_pg-query": {
      "flake": false,
      "locked": {
        "lastModified": 1732100805,
        "narHash": "sha256-Yb3hHgiRRLBrmocZwacrbUC3dmHQ6H57xnaAbktIQD0=",
        "ref": "refs/heads/master",
        "rev": "74fe6fd1f4e2c6a80234e431e08283486a50e8bd",
        "revCount": 5,
        "type": "git",
        "url": "https://git.sr.ht/~rhizomic/pg-query"
      },
      "original": {
        "type": "git",
        "url": "https://git.sr.ht/~rhizomic/pg-query"
      }
    },
    "nixpkgs": {
      "locked": {
        "lastModified": 1734879663,
        "narHash": "sha256-8KG0KdKLr0EaznLjjZ6iWINGpEuQ7w0fdn9Orn4yTdk=",
        "owner": "NixOS",
        "repo": "nixpkgs",
        "rev": "b784f0f275ff982ac55d4d2cbd181b710c4fd0a5",
        "type": "github"
      },
      "original": {
        "owner": "NixOS",
        "ref": "release-24.11",
        "repo": "nixpkgs",
        "type": "github"
      }
    },
    "nixpkgs-unstable": {
      "locked": {
        "lastModified": 1724224976,
        "narHash": "sha256-Z/ELQhrSd7bMzTO8r7NZgi9g5emh+aRKoCdaAv5fiO0=",
        "owner": "nixos",
        "repo": "nixpkgs",
        "rev": "c374d94f1536013ca8e92341b540eba4c22f9c62",
        "type": "github"
      },
      "original": {
        "owner": "nixos",
        "ref": "nixos-unstable",
        "repo": "nixpkgs",
        "type": "github"
      }
    },
    "nixpkgs_2": {
      "locked": {
        "lastModified": 1721686456,
        "narHash": "sha256-nw/BnNzATDPfzpJVTnY8mcSKKsz6BJMEFRkJ332QSN0=",
        "owner": "NixOS",
        "repo": "nixpkgs",
        "rev": "575f3027caa1e291d24f1e9fb0e3a19c2f26d96b",
        "type": "github"
      },
      "original": {
        "owner": "NixOS",
        "ref": "nixos-24.05",
        "repo": "nixpkgs",
        "type": "github"
      }
    },
    "root": {
      "inputs": {
        "flake-utils": "flake-utils",
        "hs_pg-query": "hs_pg-query",
        "nixpkgs": "nixpkgs",
        "nixpkgs-unstable": "nixpkgs-unstable",
        "tmp-postgres": "tmp-postgres"
      }
    },
    "systems": {
      "locked": {
        "lastModified": 1681028828,
        "narHash": "sha256-Vy1rq5AaRuLzOxct8nz4T6wlgyUR7zLU309k9mBC768=",
        "owner": "nix-systems",
        "repo": "default",
        "rev": "da67096a3b9bf56a91d16901293e51ba5b49a27e",
        "type": "github"
      },
      "original": {
        "owner": "nix-systems",
        "repo": "default",
        "type": "github"
      }
    },
    "systems_2": {
      "locked": {
        "lastModified": 1681028828,
        "narHash": "sha256-Vy1rq5AaRuLzOxct8nz4T6wlgyUR7zLU309k9mBC768=",
        "owner": "nix-systems",
        "repo": "default",
        "rev": "da67096a3b9bf56a91d16901293e51ba5b49a27e",
        "type": "github"
      },
      "original": {
        "owner": "nix-systems",
        "repo": "default",
        "type": "github"
      }
    },
    "tmp-postgres": {
      "inputs": {
        "flake-utils": "flake-utils_2",
        "nixpkgs": "nixpkgs_2"
      },
      "locked": {
        "lastModified": 1721958336,
        "narHash": "sha256-RZUeZ+4wLqT1J2qTU4xzWbvDusDheKaR8ttCZZx6dBY=",
        "owner": "tstat",
        "repo": "tmp-postgres",
        "rev": "fa2db4b9ad32adf6f929eb0db70784ee85232464",
        "type": "github"
      },
      "original": {
        "owner": "tstat",
        "repo": "tmp-postgres",
        "type": "github"
      }
    }
  },
  "root": "root",
  "version": 7
}
